// !$*UTF8*$!
{
	archiveVersion = 1;
	classes = {
	};
	objectVersion = 70;
	objects = {

/* Begin PBXBuildFile section */
		9C53677F2D0B26560074B211 /* BowlingKata.framework in Frameworks */ = {isa = PBXBuildFile; fileRef = 9CEAC9DB2CF0C2B6002FC2D4 /* BowlingKata.framework */; };
		9C5367802D0B26560074B211 /* BowlingKata.framework in Embed Frameworks */ = {isa = PBXBuildFile; fileRef = 9CEAC9DB2CF0C2B6002FC2D4 /* BowlingKata.framework */; settings = {ATTRIBUTES = (CodeSignOnCopy, RemoveHeadersOnCopy, ); }; };
		9CEAC9E42CF0C2B6002FC2D4 /* BowlingKata.framework in Frameworks */ = {isa = PBXBuildFile; fileRef = 9CEAC9DB2CF0C2B6002FC2D4 /* BowlingKata.framework */; };
		9CEAC9EA2CF0C2B6002FC2D4 /* BowlingKata.h in Headers */ = {isa = PBXBuildFile; fileRef = 9CEAC9DE2CF0C2B6002FC2D4 /* BowlingKata.h */; settings = {ATTRIBUTES = (Public, ); }; };
		9CEAC9F42CF0C7F1002FC2D4 /* Game.swift in Sources */ = {isa = PBXBuildFile; fileRef = 9CEAC9F32CF0C7F1002FC2D4 /* Game.swift */; };
		9CEAC9F62CF0C81A002FC2D4 /* GameTests.swift in Sources */ = {isa = PBXBuildFile; fileRef = 9CEAC9F52CF0C81A002FC2D4 /* GameTests.swift */; };
		9CEAC9F72CF0C839002FC2D4 /* Game.swift in Sources */ = {isa = PBXBuildFile; fileRef = 9CEAC9F32CF0C7F1002FC2D4 /* Game.swift */; };
		ABBA7FED2D9B6EBD0078B6B5 /* DataStructures in Frameworks */ = {isa = PBXBuildFile; productRef = ABBA7FEC2D9B6EBD0078B6B5 /* DataStructures */; };
/* End PBXBuildFile section */

/* Begin PBXContainerItemProxy section */
		9C5367582D0B20550074B211 /* PBXContainerItemProxy */ = {
			isa = PBXContainerItemProxy;
			containerPortal = 9CEAC9D22CF0C2B6002FC2D4 /* Project object */;
			proxyType = 1;
			remoteGlobalIDString = 9C5367472D0B20530074B211;
			remoteInfo = BowlingKata_iOS;
		};
		9C5367812D0B26560074B211 /* PBXContainerItemProxy */ = {
			isa = PBXContainerItemProxy;
			containerPortal = 9CEAC9D22CF0C2B6002FC2D4 /* Project object */;
			proxyType = 1;
			remoteGlobalIDString = 9CEAC9DA2CF0C2B6002FC2D4;
			remoteInfo = BowlingKata;
		};
		9CEAC9E52CF0C2B6002FC2D4 /* PBXContainerItemProxy */ = {
			isa = PBXContainerItemProxy;
			containerPortal = 9CEAC9D22CF0C2B6002FC2D4 /* Project object */;
			proxyType = 1;
			remoteGlobalIDString = 9CEAC9DA2CF0C2B6002FC2D4;
			remoteInfo = BowlingKata;
		};
/* End PBXContainerItemProxy section */

/* Begin PBXCopyFilesBuildPhase section */
		9C5367832D0B26560074B211 /* Embed Frameworks */ = {
			isa = PBXCopyFilesBuildPhase;
			buildActionMask = 2147483647;
			dstPath = "";
			dstSubfolderSpec = 10;
			files = (
				9C5367802D0B26560074B211 /* BowlingKata.framework in Embed Frameworks */,
			);
			name = "Embed Frameworks";
			runOnlyForDeploymentPostprocessing = 0;
		};
/* End PBXCopyFilesBuildPhase section */

/* Begin PBXFileReference section */
		9C5367482D0B20530074B211 /* BowlingKata_iOS.app */ = {isa = PBXFileReference; explicitFileType = wrapper.application; includeInIndex = 0; path = BowlingKata_iOS.app; sourceTree = BUILT_PRODUCTS_DIR; };
		9C5367572D0B20550074B211 /* BowlingKata_iOSTests.xctest */ = {isa = PBXFileReference; explicitFileType = wrapper.cfbundle; includeInIndex = 0; path = BowlingKata_iOSTests.xctest; sourceTree = BUILT_PRODUCTS_DIR; };
		9C5367722D0B230D0074B211 /* BowlingKata_iOS.xctestplan */ = {isa = PBXFileReference; lastKnownFileType = text; path = BowlingKata_iOS.xctestplan; sourceTree = "<group>"; };
		9CEAC9DB2CF0C2B6002FC2D4 /* BowlingKata.framework */ = {isa = PBXFileReference; explicitFileType = wrapper.framework; includeInIndex = 0; path = BowlingKata.framework; sourceTree = BUILT_PRODUCTS_DIR; };
		9CEAC9DE2CF0C2B6002FC2D4 /* BowlingKata.h */ = {isa = PBXFileReference; lastKnownFileType = sourcecode.c.h; path = BowlingKata.h; sourceTree = "<group>"; };
		9CEAC9E32CF0C2B6002FC2D4 /* BowlingKataTests.xctest */ = {isa = PBXFileReference; explicitFileType = wrapper.cfbundle; includeInIndex = 0; path = BowlingKataTests.xctest; sourceTree = BUILT_PRODUCTS_DIR; };
		9CEAC9F32CF0C7F1002FC2D4 /* Game.swift */ = {isa = PBXFileReference; lastKnownFileType = sourcecode.swift; path = Game.swift; sourceTree = "<group>"; };
		9CEAC9F52CF0C81A002FC2D4 /* GameTests.swift */ = {isa = PBXFileReference; lastKnownFileType = sourcecode.swift; path = GameTests.swift; sourceTree = "<group>"; };
/* End PBXFileReference section */

/* Begin PBXFileSystemSynchronizedRootGroup section */
		9C5367492D0B20530074B211 /* BowlingKata_iOS */ = {isa = PBXFileSystemSynchronizedRootGroup; explicitFileTypes = {}; explicitFolders = (); path = BowlingKata_iOS; sourceTree = "<group>"; };
		9C53675A2D0B20550074B211 /* BowlingKata_iOSTests */ = {isa = PBXFileSystemSynchronizedRootGroup; explicitFileTypes = {}; explicitFolders = (); path = BowlingKata_iOSTests; sourceTree = "<group>"; };
/* End PBXFileSystemSynchronizedRootGroup section */

/* Begin PBXFrameworksBuildPhase section */
		9C5367452D0B20530074B211 /* Frameworks */ = {
			isa = PBXFrameworksBuildPhase;
			buildActionMask = 2147483647;
			files = (
				9C53677F2D0B26560074B211 /* BowlingKata.framework in Frameworks */,
			);
			runOnlyForDeploymentPostprocessing = 0;
		};
		9C5367542D0B20550074B211 /* Frameworks */ = {
			isa = PBXFrameworksBuildPhase;
			buildActionMask = 2147483647;
			files = (
			);
			runOnlyForDeploymentPostprocessing = 0;
		};
		9CEAC9D82CF0C2B6002FC2D4 /* Frameworks */ = {
			isa = PBXFrameworksBuildPhase;
			buildActionMask = 2147483647;
			files = (
				ABBA7FED2D9B6EBD0078B6B5 /* DataStructures in Frameworks */,
			);
			runOnlyForDeploymentPostprocessing = 0;
		};
		9CEAC9E02CF0C2B6002FC2D4 /* Frameworks */ = {
			isa = PBXFrameworksBuildPhase;
			buildActionMask = 2147483647;
			files = (
				9CEAC9E42CF0C2B6002FC2D4 /* BowlingKata.framework in Frameworks */,
			);
			runOnlyForDeploymentPostprocessing = 0;
		};
/* End PBXFrameworksBuildPhase section */

/* Begin PBXGroup section */
		9C53677E2D0B26560074B211 /* Frameworks */ = {
			isa = PBXGroup;
			children = (
			);
			name = Frameworks;
			sourceTree = "<group>";
		};
		9CEAC9D12CF0C2B6002FC2D4 = {
			isa = PBXGroup;
			children = (
				9C5367722D0B230D0074B211 /* BowlingKata_iOS.xctestplan */,
				9CEAC9DD2CF0C2B6002FC2D4 /* BowlingKata */,
				9CEAC9E72CF0C2B6002FC2D4 /* BowlingKataTests */,
				9C5367492D0B20530074B211 /* BowlingKata_iOS */,
				9C53675A2D0B20550074B211 /* BowlingKata_iOSTests */,
				9C53677E2D0B26560074B211 /* Frameworks */,
				9CEAC9DC2CF0C2B6002FC2D4 /* Products */,
			);
			sourceTree = "<group>";
		};
		9CEAC9DC2CF0C2B6002FC2D4 /* Products */ = {
			isa = PBXGroup;
			children = (
				9CEAC9DB2CF0C2B6002FC2D4 /* BowlingKata.framework */,
				9CEAC9E32CF0C2B6002FC2D4 /* BowlingKataTests.xctest */,
				9C5367482D0B20530074B211 /* BowlingKata_iOS.app */,
				9C5367572D0B20550074B211 /* BowlingKata_iOSTests.xctest */,
			);
			name = Products;
			sourceTree = "<group>";
		};
		9CEAC9DD2CF0C2B6002FC2D4 /* BowlingKata */ = {
			isa = PBXGroup;
			children = (
				9CEAC9DE2CF0C2B6002FC2D4 /* BowlingKata.h */,
				9CEAC9F32CF0C7F1002FC2D4 /* Game.swift */,
			);
			path = BowlingKata;
			sourceTree = "<group>";
		};
		9CEAC9E72CF0C2B6002FC2D4 /* BowlingKataTests */ = {
			isa = PBXGroup;
			children = (
				9CEAC9F52CF0C81A002FC2D4 /* GameTests.swift */,
			);
			path = BowlingKataTests;
			sourceTree = "<group>";
		};
/* End PBXGroup section */

/* Begin PBXHeadersBuildPhase section */
		9CEAC9D62CF0C2B6002FC2D4 /* Headers */ = {
			isa = PBXHeadersBuildPhase;
			buildActionMask = 2147483647;
			files = (
				9CEAC9EA2CF0C2B6002FC2D4 /* BowlingKata.h in Headers */,
			);
			runOnlyForDeploymentPostprocessing = 0;
		};
/* End PBXHeadersBuildPhase section */

/* Begin PBXNativeTarget section */
		9C5367472D0B20530074B211 /* BowlingKata_iOS */ = {
			isa = PBXNativeTarget;
			buildConfigurationList = 9C53676F2D0B20550074B211 /* Build configuration list for PBXNativeTarget "BowlingKata_iOS" */;
			buildPhases = (
				9C5367442D0B20530074B211 /* Sources */,
				9C5367452D0B20530074B211 /* Frameworks */,
				9C5367462D0B20530074B211 /* Resources */,
				9C5367832D0B26560074B211 /* Embed Frameworks */,
			);
			buildRules = (
			);
			dependencies = (
				9C5367822D0B26560074B211 /* PBXTargetDependency */,
			);
			fileSystemSynchronizedGroups = (
				9C5367492D0B20530074B211 /* BowlingKata_iOS */,
			);
			name = BowlingKata_iOS;
			packageProductDependencies = (
			);
			productName = BowlingKata_iOS;
			productReference = 9C5367482D0B20530074B211 /* BowlingKata_iOS.app */;
			productType = "com.apple.product-type.application";
		};
		9C5367562D0B20550074B211 /* BowlingKata_iOSTests */ = {
			isa = PBXNativeTarget;
			buildConfigurationList = 9C5367702D0B20550074B211 /* Build configuration list for PBXNativeTarget "BowlingKata_iOSTests" */;
			buildPhases = (
				9C5367532D0B20550074B211 /* Sources */,
				9C5367542D0B20550074B211 /* Frameworks */,
				9C5367552D0B20550074B211 /* Resources */,
			);
			buildRules = (
			);
			dependencies = (
				9C5367592D0B20550074B211 /* PBXTargetDependency */,
			);
			fileSystemSynchronizedGroups = (
				9C53675A2D0B20550074B211 /* BowlingKata_iOSTests */,
			);
			name = BowlingKata_iOSTests;
			packageProductDependencies = (
			);
			productName = BowlingKata_iOSTests;
			productReference = 9C5367572D0B20550074B211 /* BowlingKata_iOSTests.xctest */;
			productType = "com.apple.product-type.bundle.unit-test";
		};
		9CEAC9DA2CF0C2B6002FC2D4 /* BowlingKata */ = {
			isa = PBXNativeTarget;
			buildConfigurationList = 9CEAC9ED2CF0C2B6002FC2D4 /* Build configuration list for PBXNativeTarget "BowlingKata" */;
			buildPhases = (
				9CEAC9D62CF0C2B6002FC2D4 /* Headers */,
				9CEAC9D72CF0C2B6002FC2D4 /* Sources */,
				9CEAC9D82CF0C2B6002FC2D4 /* Frameworks */,
				9CEAC9D92CF0C2B6002FC2D4 /* Resources */,
			);
			buildRules = (
			);
			dependencies = (
			);
			name = BowlingKata;
			productName = BowlingKata;
			productReference = 9CEAC9DB2CF0C2B6002FC2D4 /* BowlingKata.framework */;
			productType = "com.apple.product-type.framework";
		};
		9CEAC9E22CF0C2B6002FC2D4 /* BowlingKataTests */ = {
			isa = PBXNativeTarget;
			buildConfigurationList = 9CEAC9F02CF0C2B6002FC2D4 /* Build configuration list for PBXNativeTarget "BowlingKataTests" */;
			buildPhases = (
				9CEAC9DF2CF0C2B6002FC2D4 /* Sources */,
				9CEAC9E02CF0C2B6002FC2D4 /* Frameworks */,
				9CEAC9E12CF0C2B6002FC2D4 /* Resources */,
			);
			buildRules = (
			);
			dependencies = (
				9CEAC9E62CF0C2B6002FC2D4 /* PBXTargetDependency */,
			);
			name = BowlingKataTests;
			productName = BowlingKataTests;
			productReference = 9CEAC9E32CF0C2B6002FC2D4 /* BowlingKataTests.xctest */;
			productType = "com.apple.product-type.bundle.unit-test";
		};
/* End PBXNativeTarget section */

/* Begin PBXProject section */
		9CEAC9D22CF0C2B6002FC2D4 /* Project object */ = {
			isa = PBXProject;
			attributes = {
				BuildIndependentTargetsInParallel = 1;
				LastSwiftUpdateCheck = 1610;
				LastUpgradeCheck = 1520;
				TargetAttributes = {
					9C5367472D0B20530074B211 = {
						CreatedOnToolsVersion = 16.1;
					};
					9C5367562D0B20550074B211 = {
						CreatedOnToolsVersion = 16.1;
						TestTargetID = 9C5367472D0B20530074B211;
					};
					9CEAC9DA2CF0C2B6002FC2D4 = {
						CreatedOnToolsVersion = 15.2;
						LastSwiftMigration = 1520;
					};
					9CEAC9E22CF0C2B6002FC2D4 = {
						CreatedOnToolsVersion = 15.2;
					};
				};
			};
			buildConfigurationList = 9CEAC9D52CF0C2B6002FC2D4 /* Build configuration list for PBXProject "BowlingKata" */;
			compatibilityVersion = "Xcode 14.0";
			developmentRegion = en;
			hasScannedForEncodings = 0;
			knownRegions = (
				en,
				Base,
			);
			mainGroup = 9CEAC9D12CF0C2B6002FC2D4;
			packageReferences = (
				ABBA7FEB2D9B6EBD0078B6B5 /* XCRemoteSwiftPackageReference "DataStructures" */,
			);
			productRefGroup = 9CEAC9DC2CF0C2B6002FC2D4 /* Products */;
			projectDirPath = "";
			projectRoot = "";
			targets = (
				9CEAC9DA2CF0C2B6002FC2D4 /* BowlingKata */,
				9CEAC9E22CF0C2B6002FC2D4 /* BowlingKataTests */,
				9C5367472D0B20530074B211 /* BowlingKata_iOS */,
				9C5367562D0B20550074B211 /* BowlingKata_iOSTests */,
			);
		};
/* End PBXProject section */

/* Begin PBXResourcesBuildPhase section */
		9C5367462D0B20530074B211 /* Resources */ = {
			isa = PBXResourcesBuildPhase;
			buildActionMask = 2147483647;
			files = (
			);
			runOnlyForDeploymentPostprocessing = 0;
		};
		9C5367552D0B20550074B211 /* Resources */ = {
			isa = PBXResourcesBuildPhase;
			buildActionMask = 2147483647;
			files = (
			);
			runOnlyForDeploymentPostprocessing = 0;
		};
		9CEAC9D92CF0C2B6002FC2D4 /* Resources */ = {
			isa = PBXResourcesBuildPhase;
			buildActionMask = 2147483647;
			files = (
			);
			runOnlyForDeploymentPostprocessing = 0;
		};
		9CEAC9E12CF0C2B6002FC2D4 /* Resources */ = {
			isa = PBXResourcesBuildPhase;
			buildActionMask = 2147483647;
			files = (
			);
			runOnlyForDeploymentPostprocessing = 0;
		};
/* End PBXResourcesBuildPhase section */

/* Begin PBXSourcesBuildPhase section */
		9C5367442D0B20530074B211 /* Sources */ = {
			isa = PBXSourcesBuildPhase;
			buildActionMask = 2147483647;
			files = (
			);
			runOnlyForDeploymentPostprocessing = 0;
		};
		9C5367532D0B20550074B211 /* Sources */ = {
			isa = PBXSourcesBuildPhase;
			buildActionMask = 2147483647;
			files = (
			);
			runOnlyForDeploymentPostprocessing = 0;
		};
		9CEAC9D72CF0C2B6002FC2D4 /* Sources */ = {
			isa = PBXSourcesBuildPhase;
			buildActionMask = 2147483647;
			files = (
				9CEAC9F42CF0C7F1002FC2D4 /* Game.swift in Sources */,
			);
			runOnlyForDeploymentPostprocessing = 0;
		};
		9CEAC9DF2CF0C2B6002FC2D4 /* Sources */ = {
			isa = PBXSourcesBuildPhase;
			buildActionMask = 2147483647;
			files = (
				9CEAC9F72CF0C839002FC2D4 /* Game.swift in Sources */,
				9CEAC9F62CF0C81A002FC2D4 /* GameTests.swift in Sources */,
			);
			runOnlyForDeploymentPostprocessing = 0;
		};
/* End PBXSourcesBuildPhase section */

/* Begin PBXTargetDependency section */
		9C5367592D0B20550074B211 /* PBXTargetDependency */ = {
			isa = PBXTargetDependency;
			target = 9C5367472D0B20530074B211 /* BowlingKata_iOS */;
			targetProxy = 9C5367582D0B20550074B211 /* PBXContainerItemProxy */;
		};
		9C5367822D0B26560074B211 /* PBXTargetDependency */ = {
			isa = PBXTargetDependency;
			target = 9CEAC9DA2CF0C2B6002FC2D4 /* BowlingKata */;
			targetProxy = 9C5367812D0B26560074B211 /* PBXContainerItemProxy */;
		};
		9CEAC9E62CF0C2B6002FC2D4 /* PBXTargetDependency */ = {
			isa = PBXTargetDependency;
			target = 9CEAC9DA2CF0C2B6002FC2D4 /* BowlingKata */;
			targetProxy = 9CEAC9E52CF0C2B6002FC2D4 /* PBXContainerItemProxy */;
		};
/* End PBXTargetDependency section */

/* Begin XCBuildConfiguration section */
		9C5367692D0B20550074B211 /* Debug */ = {
			isa = XCBuildConfiguration;
			buildSettings = {
				ASSETCATALOG_COMPILER_APPICON_NAME = AppIcon;
				ASSETCATALOG_COMPILER_GLOBAL_ACCENT_COLOR_NAME = AccentColor;
				CODE_SIGN_STYLE = Automatic;
				CURRENT_PROJECT_VERSION = 1;
				DEVELOPMENT_ASSET_PATHS = "\"BowlingKata_iOS/Preview Content\"";
				DEVELOPMENT_TEAM = 9LMP86F23V;
				ENABLE_PREVIEWS = YES;
				GENERATE_INFOPLIST_FILE = YES;
				INFOPLIST_KEY_UIApplicationSceneManifest_Generation = YES;
				INFOPLIST_KEY_UIApplicationSupportsIndirectInputEvents = YES;
				INFOPLIST_KEY_UILaunchScreen_Generation = YES;
				INFOPLIST_KEY_UISupportedInterfaceOrientations_iPad = "UIInterfaceOrientationPortrait UIInterfaceOrientationPortraitUpsideDown UIInterfaceOrientationLandscapeLeft UIInterfaceOrientationLandscapeRight";
				INFOPLIST_KEY_UISupportedInterfaceOrientations_iPhone = "UIInterfaceOrientationPortrait UIInterfaceOrientationLandscapeLeft UIInterfaceOrientationLandscapeRight";
				IPHONEOS_DEPLOYMENT_TARGET = 18.1;
				LD_RUNPATH_SEARCH_PATHS = (
					"$(inherited)",
					"@executable_path/Frameworks",
				);
				MARKETING_VERSION = 1.0;
				PRODUCT_BUNDLE_IDENTIFIER = "com.rickymunz.BowlingKata-iOS";
				PRODUCT_NAME = "$(TARGET_NAME)";
				SDKROOT = iphoneos;
				SWIFT_EMIT_LOC_STRINGS = YES;
				SWIFT_VERSION = 5.0;
				TARGETED_DEVICE_FAMILY = "1,2";
			};
			name = Debug;
		};
		9C53676A2D0B20550074B211 /* Release */ = {
			isa = XCBuildConfiguration;
			buildSettings = {
				ASSETCATALOG_COMPILER_APPICON_NAME = AppIcon;
				ASSETCATALOG_COMPILER_GLOBAL_ACCENT_COLOR_NAME = AccentColor;
				CODE_SIGN_STYLE = Automatic;
				CURRENT_PROJECT_VERSION = 1;
				DEVELOPMENT_ASSET_PATHS = "\"BowlingKata_iOS/Preview Content\"";
				DEVELOPMENT_TEAM = 9LMP86F23V;
				ENABLE_PREVIEWS = YES;
				GENERATE_INFOPLIST_FILE = YES;
				INFOPLIST_KEY_UIApplicationSceneManifest_Generation = YES;
				INFOPLIST_KEY_UIApplicationSupportsIndirectInputEvents = YES;
				INFOPLIST_KEY_UILaunchScreen_Generation = YES;
				INFOPLIST_KEY_UISupportedInterfaceOrientations_iPad = "UIInterfaceOrientationPortrait UIInterfaceOrientationPortraitUpsideDown UIInterfaceOrientationLandscapeLeft UIInterfaceOrientationLandscapeRight";
				INFOPLIST_KEY_UISupportedInterfaceOrientations_iPhone = "UIInterfaceOrientationPortrait UIInterfaceOrientationLandscapeLeft UIInterfaceOrientationLandscapeRight";
				IPHONEOS_DEPLOYMENT_TARGET = 18.1;
				LD_RUNPATH_SEARCH_PATHS = (
					"$(inherited)",
					"@executable_path/Frameworks",
				);
				MARKETING_VERSION = 1.0;
				PRODUCT_BUNDLE_IDENTIFIER = "com.rickymunz.BowlingKata-iOS";
				PRODUCT_NAME = "$(TARGET_NAME)";
				SDKROOT = iphoneos;
				SWIFT_EMIT_LOC_STRINGS = YES;
				SWIFT_VERSION = 5.0;
				TARGETED_DEVICE_FAMILY = "1,2";
				VALIDATE_PRODUCT = YES;
			};
			name = Release;
		};
		9C53676B2D0B20550074B211 /* Debug */ = {
			isa = XCBuildConfiguration;
			buildSettings = {
				BUNDLE_LOADER = "$(TEST_HOST)";
				CODE_SIGN_STYLE = Automatic;
				CURRENT_PROJECT_VERSION = 1;
				DEVELOPMENT_TEAM = 9LMP86F23V;
				GENERATE_INFOPLIST_FILE = YES;
				IPHONEOS_DEPLOYMENT_TARGET = 18.1;
				MARKETING_VERSION = 1.0;
				PRODUCT_BUNDLE_IDENTIFIER = "com.rickymunz.BowlingKata-iOSTests";
				PRODUCT_NAME = "$(TARGET_NAME)";
				SDKROOT = iphoneos;
				SWIFT_EMIT_LOC_STRINGS = NO;
				SWIFT_VERSION = 5.0;
				TARGETED_DEVICE_FAMILY = "1,2";
				TEST_HOST = "$(BUILT_PRODUCTS_DIR)/BowlingKata_iOS.app/$(BUNDLE_EXECUTABLE_FOLDER_PATH)/BowlingKata_iOS";
			};
			name = Debug;
		};
		9C53676C2D0B20550074B211 /* Release */ = {
			isa = XCBuildConfiguration;
			buildSettings = {
				BUNDLE_LOADER = "$(TEST_HOST)";
				CODE_SIGN_STYLE = Automatic;
				CURRENT_PROJECT_VERSION = 1;
				DEVELOPMENT_TEAM = 9LMP86F23V;
				GENERATE_INFOPLIST_FILE = YES;
				IPHONEOS_DEPLOYMENT_TARGET = 18.1;
				MARKETING_VERSION = 1.0;
				PRODUCT_BUNDLE_IDENTIFIER = "com.rickymunz.BowlingKata-iOSTests";
				PRODUCT_NAME = "$(TARGET_NAME)";
				SDKROOT = iphoneos;
				SWIFT_EMIT_LOC_STRINGS = NO;
				SWIFT_VERSION = 5.0;
				TARGETED_DEVICE_FAMILY = "1,2";
				TEST_HOST = "$(BUILT_PRODUCTS_DIR)/BowlingKata_iOS.app/$(BUNDLE_EXECUTABLE_FOLDER_PATH)/BowlingKata_iOS";
				VALIDATE_PRODUCT = YES;
			};
			name = Release;
		};
		9CEAC9EB2CF0C2B6002FC2D4 /* Debug */ = {
			isa = XCBuildConfiguration;
			buildSettings = {
				ALWAYS_SEARCH_USER_PATHS = NO;
				ASSETCATALOG_COMPILER_GENERATE_SWIFT_ASSET_SYMBOL_EXTENSIONS = YES;
				CLANG_ANALYZER_NONNULL = YES;
				CLANG_ANALYZER_NUMBER_OBJECT_CONVERSION = YES_AGGRESSIVE;
				CLANG_CXX_LANGUAGE_STANDARD = "gnu++20";
				CLANG_ENABLE_MODULES = YES;
				CLANG_ENABLE_OBJC_ARC = YES;
				CLANG_ENABLE_OBJC_WEAK = YES;
				CLANG_WARN_BLOCK_CAPTURE_AUTORELEASING = YES;
				CLANG_WARN_BOOL_CONVERSION = YES;
				CLANG_WARN_COMMA = YES;
				CLANG_WARN_CONSTANT_CONVERSION = YES;
				CLANG_WARN_DEPRECATED_OBJC_IMPLEMENTATIONS = YES;
				CLANG_WARN_DIRECT_OBJC_ISA_USAGE = YES_ERROR;
				CLANG_WARN_DOCUMENTATION_COMMENTS = YES;
				CLANG_WARN_EMPTY_BODY = YES;
				CLANG_WARN_ENUM_CONVERSION = YES;
				CLANG_WARN_INFINITE_RECURSION = YES;
				CLANG_WARN_INT_CONVERSION = YES;
				CLANG_WARN_NON_LITERAL_NULL_CONVERSION = YES;
				CLANG_WARN_OBJC_IMPLICIT_RETAIN_SELF = YES;
				CLANG_WARN_OBJC_LITERAL_CONVERSION = YES;
				CLANG_WARN_OBJC_ROOT_CLASS = YES_ERROR;
				CLANG_WARN_QUOTED_INCLUDE_IN_FRAMEWORK_HEADER = YES;
				CLANG_WARN_RANGE_LOOP_ANALYSIS = YES;
				CLANG_WARN_STRICT_PROTOTYPES = YES;
				CLANG_WARN_SUSPICIOUS_MOVE = YES;
				CLANG_WARN_UNGUARDED_AVAILABILITY = YES_AGGRESSIVE;
				CLANG_WARN_UNREACHABLE_CODE = YES;
				CLANG_WARN__DUPLICATE_METHOD_MATCH = YES;
				COPY_PHASE_STRIP = NO;
				CURRENT_PROJECT_VERSION = 1;
				DEBUG_INFORMATION_FORMAT = dwarf;
				ENABLE_STRICT_OBJC_MSGSEND = YES;
				ENABLE_TESTABILITY = YES;
				ENABLE_USER_SCRIPT_SANDBOXING = YES;
				GCC_C_LANGUAGE_STANDARD = gnu17;
				GCC_DYNAMIC_NO_PIC = NO;
				GCC_NO_COMMON_BLOCKS = YES;
				GCC_OPTIMIZATION_LEVEL = 0;
				GCC_PREPROCESSOR_DEFINITIONS = (
					"DEBUG=1",
					"$(inherited)",
				);
				GCC_WARN_64_TO_32_BIT_CONVERSION = YES;
				GCC_WARN_ABOUT_RETURN_TYPE = YES_ERROR;
				GCC_WARN_UNDECLARED_SELECTOR = YES;
				GCC_WARN_UNINITIALIZED_AUTOS = YES_AGGRESSIVE;
				GCC_WARN_UNUSED_FUNCTION = YES;
				GCC_WARN_UNUSED_VARIABLE = YES;
				LOCALIZATION_PREFERS_STRING_CATALOGS = YES;
				MACOSX_DEPLOYMENT_TARGET = 14.2;
				MTL_ENABLE_DEBUG_INFO = INCLUDE_SOURCE;
				MTL_FAST_MATH = YES;
				ONLY_ACTIVE_ARCH = YES;
				SDKROOT = macosx;
				SWIFT_ACTIVE_COMPILATION_CONDITIONS = "DEBUG $(inherited)";
				SWIFT_OPTIMIZATION_LEVEL = "-Onone";
				VERSIONING_SYSTEM = "apple-generic";
				VERSION_INFO_PREFIX = "";
			};
			name = Debug;
		};
		9CEAC9EC2CF0C2B6002FC2D4 /* Release */ = {
			isa = XCBuildConfiguration;
			buildSettings = {
				ALWAYS_SEARCH_USER_PATHS = NO;
				ASSETCATALOG_COMPILER_GENERATE_SWIFT_ASSET_SYMBOL_EXTENSIONS = YES;
				CLANG_ANALYZER_NONNULL = YES;
				CLANG_ANALYZER_NUMBER_OBJECT_CONVERSION = YES_AGGRESSIVE;
				CLANG_CXX_LANGUAGE_STANDARD = "gnu++20";
				CLANG_ENABLE_MODULES = YES;
				CLANG_ENABLE_OBJC_ARC = YES;
				CLANG_ENABLE_OBJC_WEAK = YES;
				CLANG_WARN_BLOCK_CAPTURE_AUTORELEASING = YES;
				CLANG_WARN_BOOL_CONVERSION = YES;
				CLANG_WARN_COMMA = YES;
				CLANG_WARN_CONSTANT_CONVERSION = YES;
				CLANG_WARN_DEPRECATED_OBJC_IMPLEMENTATIONS = YES;
				CLANG_WARN_DIRECT_OBJC_ISA_USAGE = YES_ERROR;
				CLANG_WARN_DOCUMENTATION_COMMENTS = YES;
				CLANG_WARN_EMPTY_BODY = YES;
				CLANG_WARN_ENUM_CONVERSION = YES;
				CLANG_WARN_INFINITE_RECURSION = YES;
				CLANG_WARN_INT_CONVERSION = YES;
				CLANG_WARN_NON_LITERAL_NULL_CONVERSION = YES;
				CLANG_WARN_OBJC_IMPLICIT_RETAIN_SELF = YES;
				CLANG_WARN_OBJC_LITERAL_CONVERSION = YES;
				CLANG_WARN_OBJC_ROOT_CLASS = YES_ERROR;
				CLANG_WARN_QUOTED_INCLUDE_IN_FRAMEWORK_HEADER = YES;
				CLANG_WARN_RANGE_LOOP_ANALYSIS = YES;
				CLANG_WARN_STRICT_PROTOTYPES = YES;
				CLANG_WARN_SUSPICIOUS_MOVE = YES;
				CLANG_WARN_UNGUARDED_AVAILABILITY = YES_AGGRESSIVE;
				CLANG_WARN_UNREACHABLE_CODE = YES;
				CLANG_WARN__DUPLICATE_METHOD_MATCH = YES;
				COPY_PHASE_STRIP = NO;
				CURRENT_PROJECT_VERSION = 1;
				DEBUG_INFORMATION_FORMAT = "dwarf-with-dsym";
				ENABLE_NS_ASSERTIONS = NO;
				ENABLE_STRICT_OBJC_MSGSEND = YES;
				ENABLE_USER_SCRIPT_SANDBOXING = YES;
				GCC_C_LANGUAGE_STANDARD = gnu17;
				GCC_NO_COMMON_BLOCKS = YES;
				GCC_WARN_64_TO_32_BIT_CONVERSION = YES;
				GCC_WARN_ABOUT_RETURN_TYPE = YES_ERROR;
				GCC_WARN_UNDECLARED_SELECTOR = YES;
				GCC_WARN_UNINITIALIZED_AUTOS = YES_AGGRESSIVE;
				GCC_WARN_UNUSED_FUNCTION = YES;
				GCC_WARN_UNUSED_VARIABLE = YES;
				LOCALIZATION_PREFERS_STRING_CATALOGS = YES;
				MACOSX_DEPLOYMENT_TARGET = 14.2;
				MTL_ENABLE_DEBUG_INFO = NO;
				MTL_FAST_MATH = YES;
				SDKROOT = macosx;
				SWIFT_COMPILATION_MODE = wholemodule;
				VERSIONING_SYSTEM = "apple-generic";
				VERSION_INFO_PREFIX = "";
			};
			name = Release;
		};
		9CEAC9EE2CF0C2B6002FC2D4 /* Debug */ = {
			isa = XCBuildConfiguration;
			buildSettings = {
				CLANG_ENABLE_MODULES = YES;
				CODE_SIGN_STYLE = Automatic;
				COMBINE_HIDPI_IMAGES = YES;
				CURRENT_PROJECT_VERSION = 1;
				DEFINES_MODULE = YES;
				DEVELOPMENT_TEAM = 9LMP86F23V;
				DYLIB_COMPATIBILITY_VERSION = 1;
				DYLIB_CURRENT_VERSION = 1;
				DYLIB_INSTALL_NAME_BASE = "@rpath";
				ENABLE_MODULE_VERIFIER = YES;
				GENERATE_INFOPLIST_FILE = YES;
				INFOPLIST_KEY_NSHumanReadableCopyright = "";
				INSTALL_PATH = "$(LOCAL_LIBRARY_DIR)/Frameworks";
				LD_RUNPATH_SEARCH_PATHS = (
					"$(inherited)",
					"@executable_path/../Frameworks",
					"@loader_path/Frameworks",
				);
				MARKETING_VERSION = 1.0;
				MODULE_VERIFIER_SUPPORTED_LANGUAGES = "objective-c objective-c++";
				MODULE_VERIFIER_SUPPORTED_LANGUAGE_STANDARDS = "gnu17 gnu++20";
				PRODUCT_BUNDLE_IDENTIFIER = com.rickymunz.BowlingKata;
				PRODUCT_NAME = "$(TARGET_NAME:c99extidentifier)";
				SKIP_INSTALL = YES;
				SUPPORTED_PLATFORMS = "macosx iphonesimulator iphoneos";
				SWIFT_EMIT_LOC_STRINGS = YES;
				SWIFT_OPTIMIZATION_LEVEL = "-Onone";
				SWIFT_VERSION = 5.0;
			};
			name = Debug;
		};
		9CEAC9EF2CF0C2B6002FC2D4 /* Release */ = {
			isa = XCBuildConfiguration;
			buildSettings = {
				CLANG_ENABLE_MODULES = YES;
				CODE_SIGN_STYLE = Automatic;
				COMBINE_HIDPI_IMAGES = YES;
				CURRENT_PROJECT_VERSION = 1;
				DEFINES_MODULE = YES;
				DEVELOPMENT_TEAM = 9LMP86F23V;
				DYLIB_COMPATIBILITY_VERSION = 1;
				DYLIB_CURRENT_VERSION = 1;
				DYLIB_INSTALL_NAME_BASE = "@rpath";
				ENABLE_MODULE_VERIFIER = YES;
				GENERATE_INFOPLIST_FILE = YES;
				INFOPLIST_KEY_NSHumanReadableCopyright = "";
				INSTALL_PATH = "$(LOCAL_LIBRARY_DIR)/Frameworks";
				LD_RUNPATH_SEARCH_PATHS = (
					"$(inherited)",
					"@executable_path/../Frameworks",
					"@loader_path/Frameworks",
				);
				MARKETING_VERSION = 1.0;
				MODULE_VERIFIER_SUPPORTED_LANGUAGES = "objective-c objective-c++";
				MODULE_VERIFIER_SUPPORTED_LANGUAGE_STANDARDS = "gnu17 gnu++20";
				PRODUCT_BUNDLE_IDENTIFIER = com.rickymunz.BowlingKata;
				PRODUCT_NAME = "$(TARGET_NAME:c99extidentifier)";
				SKIP_INSTALL = YES;
				SUPPORTED_PLATFORMS = "macosx iphonesimulator iphoneos";
				SWIFT_EMIT_LOC_STRINGS = YES;
				SWIFT_VERSION = 5.0;
			};
			name = Release;
		};
		9CEAC9F12CF0C2B6002FC2D4 /* Debug */ = {
			isa = XCBuildConfiguration;
			buildSettings = {
				ALWAYS_EMBED_SWIFT_STANDARD_LIBRARIES = YES;
				CODE_SIGN_STYLE = Automatic;
				CURRENT_PROJECT_VERSION = 1;
				DEVELOPMENT_TEAM = 9LMP86F23V;
				GENERATE_INFOPLIST_FILE = YES;
				MARKETING_VERSION = 1.0;
				PRODUCT_BUNDLE_IDENTIFIER = com.rickymunz.BowlingKataTests;
				PRODUCT_NAME = "$(TARGET_NAME)";
				SWIFT_EMIT_LOC_STRINGS = NO;
				SWIFT_VERSION = 5.0;
			};
			name = Debug;
		};
		9CEAC9F22CF0C2B6002FC2D4 /* Release */ = {
			isa = XCBuildConfiguration;
			buildSettings = {
				ALWAYS_EMBED_SWIFT_STANDARD_LIBRARIES = YES;
				CODE_SIGN_STYLE = Automatic;
				CURRENT_PROJECT_VERSION = 1;
				DEVELOPMENT_TEAM = 9LMP86F23V;
				GENERATE_INFOPLIST_FILE = YES;
				MARKETING_VERSION = 1.0;
				PRODUCT_BUNDLE_IDENTIFIER = com.rickymunz.BowlingKataTests;
				PRODUCT_NAME = "$(TARGET_NAME)";
				SWIFT_EMIT_LOC_STRINGS = NO;
				SWIFT_VERSION = 5.0;
			};
			name = Release;
		};
/* End XCBuildConfiguration section */

/* Begin XCConfigurationList section */
		9C53676F2D0B20550074B211 /* Build configuration list for PBXNativeTarget "BowlingKata_iOS" */ = {
			isa = XCConfigurationList;
			buildConfigurations = (
				9C5367692D0B20550074B211 /* Debug */,
				9C53676A2D0B20550074B211 /* Release */,
			);
			defaultConfigurationIsVisible = 0;
			defaultConfigurationName = Release;
		};
		9C5367702D0B20550074B211 /* Build configuration list for PBXNativeTarget "BowlingKata_iOSTests" */ = {
			isa = XCConfigurationList;
			buildConfigurations = (
				9C53676B2D0B20550074B211 /* Debug */,
				9C53676C2D0B20550074B211 /* Release */,
			);
			defaultConfigurationIsVisible = 0;
			defaultConfigurationName = Release;
		};
		9CEAC9D52CF0C2B6002FC2D4 /* Build configuration list for PBXProject "BowlingKata" */ = {
			isa = XCConfigurationList;
			buildConfigurations = (
				9CEAC9EB2CF0C2B6002FC2D4 /* Debug */,
				9CEAC9EC2CF0C2B6002FC2D4 /* Release */,
			);
			defaultConfigurationIsVisible = 0;
			defaultConfigurationName = Release;
		};
		9CEAC9ED2CF0C2B6002FC2D4 /* Build configuration list for PBXNativeTarget "BowlingKata" */ = {
			isa = XCConfigurationList;
			buildConfigurations = (
				9CEAC9EE2CF0C2B6002FC2D4 /* Debug */,
				9CEAC9EF2CF0C2B6002FC2D4 /* Release */,
			);
			defaultConfigurationIsVisible = 0;
			defaultConfigurationName = Release;
		};
		9CEAC9F02CF0C2B6002FC2D4 /* Build configuration list for PBXNativeTarget "BowlingKataTests" */ = {
			isa = XCConfigurationList;
			buildConfigurations = (
				9CEAC9F12CF0C2B6002FC2D4 /* Debug */,
				9CEAC9F22CF0C2B6002FC2D4 /* Release */,
			);
			defaultConfigurationIsVisible = 0;
			defaultConfigurationName = Release;
		};
/* End XCConfigurationList section */

/* Begin XCRemoteSwiftPackageReference section */
		ABBA7FEB2D9B6EBD0078B6B5 /* XCRemoteSwiftPackageReference "DataStructures" */ = {
			isa = XCRemoteSwiftPackageReference;
			repositoryURL = "https://github.com/jirving887/DataStructures.git";
			requirement = {
				branch = main;
				kind = branch;
			};
		};
/* End XCRemoteSwiftPackageReference section */

/* Begin XCSwiftPackageProductDependency section */
		ABBA7FEC2D9B6EBD0078B6B5 /* DataStructures */ = {
			isa = XCSwiftPackageProductDependency;
			package = ABBA7FEB2D9B6EBD0078B6B5 /* XCRemoteSwiftPackageReference "DataStructures" */;
			productName = DataStructures;
		};
/* End XCSwiftPackageProductDependency section */
	};
	rootObject = 9CEAC9D22CF0C2B6002FC2D4 /* Project object */;
}
